
Microsoft Visual Studio Solution File, Format Version 12.00
# Visual Studio Version 16
VisualStudioVersion = 16.0.33214.272
MinimumVisualStudioVersion = 10.0.40219.1
Project("{FAE04EC0-301F-11D3-BF4B-00C04F79EFBC}") = "MVCApplicationDay4", "MVCApplicationDay4\MVCApplicationDay4.csproj", "{9C751F51-11B0-4A33-8B15-509F3587F06C}"
EndProject
Global
	GlobalSection(SolutionConfigurationPlatforms) = preSolution
		Debug|Any CPU = Debug|Any CPU
		Release|Any CPU = Release|Any CPU
	EndGlobalSection
	GlobalSection(ProjectConfigurationPlatforms) = postSolution
		{9C751F51-11B0-4A33-8B15-509F3587F06C}.Debug|Any CPU.ActiveCfg = Debug|Any CPU
		{9C751F51-11B0-4A33-8B15-509F3587F06C}.Debug|Any CPU.Build.0 = Debug|Any CPU
		{9C751F51-11B0-4A33-8B15-509F3587F06C}.Release|Any CPU.ActiveCfg = Release|Any CPU
		{9C751F51-11B0-4A33-8B15-509F3587F06C}.Release|Any CPU.Build.0 = Release|Any CPU
	EndGlobalSection
	GlobalSection(SolutionProperties) = preSolution
		HideSolutionNode = FALSE
	EndGlobalSection
	GlobalSection(ExtensibilityGlobals) = postSolution
		SolutionGuid = {2936FFD6-B080-4F90-A9D2-B44F6B89FA73}
	EndGlobalSection
EndGlobal
